Microsoft Visual Studio Solution File, Format Version 12.00
# Visual Studio Version 17
VisualStudioVersion = 17.5.2.0
MinimumVisualStudioVersion = 10.0.40219.1
Project("{FAE04EC0-301F-11D3-BF4B-00C04F79EFBC}") = "CrudMvcApp", "CrudMvcApp.csproj", "{005CADA4-4870-2D78-8324-9EFA036095EA}"
EndProject
Global
	GlobalSection(SolutionConfigurationPlatforms) = preSolution
		Debug|Any CPU = Debug|Any CPU
		Release|Any CPU = Release|Any CPU
	EndGlobalSection
	GlobalSection(ProjectConfigurationPlatforms) = postSolution
		{005CADA4-4870-2D78-8324-9EFA036095EA}.Debug|Any CPU.ActiveCfg = Debug|Any CPU
		{005CADA4-4870-2D78-8324-9EFA036095EA}.Debug|Any CPU.Build.0 = Debug|Any CPU
		{005CADA4-4870-2D78-8324-9EFA036095EA}.Release|Any CPU.ActiveCfg = Release|Any CPU
		{005CADA4-4870-2D78-8324-9EFA036095EA}.Release|Any CPU.Build.0 = Release|Any CPU
	EndGlobalSection
	GlobalSection(SolutionProperties) = preSolution
		HideSolutionNode = FALSE
	EndGlobalSection
	GlobalSection(ExtensibilityGlobals) = postSolution
		SolutionGuid = {0F94D6EE-F5B4-4FEC-A957-A467D16B1F3F}
	EndGlobalSection
EndGlobal
